// !$*UTF8*$!
{
	archiveVersion = 1;
	classes = {
	};
	objectVersion = 46;
	objects = {

/* Begin PBXBuildFile section */
		27F5BC631E3A871800827840 /* CardCell.xib in Resources */ = {isa = PBXBuildFile; fileRef = 27F5BC621E3A871800827840 /* CardCell.xib */; };
		27F5BC651E3AB35600827840 /* PickerCell.xib in Resources */ = {isa = PBXBuildFile; fileRef = 27F5BC641E3AB35600827840 /* PickerCell.xib */; };
		27F5BC681E3AB46F00827840 /* MealCategory.m in Sources */ = {isa = PBXBuildFile; fileRef = 27F5BC671E3AB46F00827840 /* MealCategory.m */; };
		27F5BC6A1E3B6F9E00827840 /* MealCategories.plist in Resources */ = {isa = PBXBuildFile; fileRef = 27F5BC691E3B6F9E00827840 /* MealCategories.plist */; };
		27F5BC6D1E3B712D00827840 /* MealCategoryTableViewController.m in Sources */ = {isa = PBXBuildFile; fileRef = 27F5BC6C1E3B712D00827840 /* MealCategoryTableViewController.m */; };
		27F5BC711E3B717600827840 /* MealCategoriesViewModel.m in Sources */ = {isa = PBXBuildFile; fileRef = 27F5BC701E3B717600827840 /* MealCategoriesViewModel.m */; };
		444171831E34126700EDAF1A /* main.m in Sources */ = {isa = PBXBuildFile; fileRef = 444171821E34126700EDAF1A /* main.m */; };
		444171861E34126700EDAF1A /* AppDelegate.m in Sources */ = {isa = PBXBuildFile; fileRef = 444171851E34126700EDAF1A /* AppDelegate.m */; };
		444171891E34126700EDAF1A /* ViewController.m in Sources */ = {isa = PBXBuildFile; fileRef = 444171881E34126700EDAF1A /* ViewController.m */; };
		4441718C1E34126700EDAF1A /* Main.storyboard in Resources */ = {isa = PBXBuildFile; fileRef = 4441718A1E34126700EDAF1A /* Main.storyboard */; };
		4441718E1E34126700EDAF1A /* Assets.xcassets in Resources */ = {isa = PBXBuildFile; fileRef = 4441718D1E34126700EDAF1A /* Assets.xcassets */; };
		444171911E34126700EDAF1A /* LaunchScreen.storyboard in Resources */ = {isa = PBXBuildFile; fileRef = 4441718F1E34126700EDAF1A /* LaunchScreen.storyboard */; };
		44A5436C1E341D0C0028B92A /* Recipe.m in Sources */ = {isa = PBXBuildFile; fileRef = 44A5436B1E341D0C0028B92A /* Recipe.m */; };
		44A5436F1E3455F30028B92A /* FoodTrivia.m in Sources */ = {isa = PBXBuildFile; fileRef = 44A5436E1E3455F30028B92A /* FoodTrivia.m */; };
		44A543731E34E4410028B92A /* CardCollectionCell.m in Sources */ = {isa = PBXBuildFile; fileRef = 44A543721E34E4410028B92A /* CardCollectionCell.m */; };
		44A543761E34EA480028B92A /* CardCollectionViewLayout.m in Sources */ = {isa = PBXBuildFile; fileRef = 44A543751E34EA480028B92A /* CardCollectionViewLayout.m */; };
		44A543791E3533B90028B92A /* RecipeCardStackViewController.m in Sources */ = {isa = PBXBuildFile; fileRef = 44A543781E3533B90028B92A /* RecipeCardStackViewController.m */; };
		F0AED9502A6DA3F1F2AB9ED7 /* libPods-WhatsforDinner.a in Frameworks */ = {isa = PBXBuildFile; fileRef = 414DD404635353951D761E3D /* libPods-WhatsforDinner.a */; };
/* End PBXBuildFile section */

/* Begin PBXFileReference section */
		1686BE929EA0F8C1E6745413 /* Pods-WhatsforDinner.release.xcconfig */ = {isa = PBXFileReference; includeInIndex = 1; lastKnownFileType = text.xcconfig; name = "Pods-WhatsforDinner.release.xcconfig"; path = "Pods/Target Support Files/Pods-WhatsforDinner/Pods-WhatsforDinner.release.xcconfig"; sourceTree = "<group>"; };
		27F5BC601E37F19E00827840 /* CardLayoutDelegate.h */ = {isa = PBXFileReference; fileEncoding = 4; lastKnownFileType = sourcecode.c.h; path = CardLayoutDelegate.h; sourceTree = "<group>"; };
		27F5BC621E3A871800827840 /* CardCell.xib */ = {isa = PBXFileReference; fileEncoding = 4; lastKnownFileType = file.xib; path = CardCell.xib; sourceTree = "<group>"; };
		27F5BC641E3AB35600827840 /* PickerCell.xib */ = {isa = PBXFileReference; fileEncoding = 4; lastKnownFileType = file.xib; path = PickerCell.xib; sourceTree = "<group>"; };
		27F5BC661E3AB46F00827840 /* MealCategory.h */ = {isa = PBXFileReference; fileEncoding = 4; lastKnownFileType = sourcecode.c.h; path = MealCategory.h; sourceTree = "<group>"; };
		27F5BC671E3AB46F00827840 /* MealCategory.m */ = {isa = PBXFileReference; fileEncoding = 4; lastKnownFileType = sourcecode.c.objc; path = MealCategory.m; sourceTree = "<group>"; };
		27F5BC691E3B6F9E00827840 /* MealCategories.plist */ = {isa = PBXFileReference; fileEncoding = 4; lastKnownFileType = text.plist.xml; path = MealCategories.plist; sourceTree = "<group>"; };
		27F5BC6B1E3B712D00827840 /* MealCategoryTableViewController.h */ = {isa = PBXFileReference; fileEncoding = 4; lastKnownFileType = sourcecode.c.h; path = MealCategoryTableViewController.h; sourceTree = "<group>"; };
		27F5BC6C1E3B712D00827840 /* MealCategoryTableViewController.m */ = {isa = PBXFileReference; fileEncoding = 4; lastKnownFileType = sourcecode.c.objc; path = MealCategoryTableViewController.m; sourceTree = "<group>"; };
		27F5BC6F1E3B717600827840 /* MealCategoriesViewModel.h */ = {isa = PBXFileReference; fileEncoding = 4; lastKnownFileType = sourcecode.c.h; path = MealCategoriesViewModel.h; sourceTree = "<group>"; };
		27F5BC701E3B717600827840 /* MealCategoriesViewModel.m */ = {isa = PBXFileReference; fileEncoding = 4; lastKnownFileType = sourcecode.c.objc; path = MealCategoriesViewModel.m; sourceTree = "<group>"; };
		2D6D88A0C82036887AE9BC96 /* Pods-WhatsforDinner.debug.xcconfig */ = {isa = PBXFileReference; includeInIndex = 1; lastKnownFileType = text.xcconfig; name = "Pods-WhatsforDinner.debug.xcconfig"; path = "Pods/Target Support Files/Pods-WhatsforDinner/Pods-WhatsforDinner.debug.xcconfig"; sourceTree = "<group>"; };
		414DD404635353951D761E3D /* libPods-WhatsforDinner.a */ = {isa = PBXFileReference; explicitFileType = archive.ar; includeInIndex = 0; path = "libPods-WhatsforDinner.a"; sourceTree = BUILT_PRODUCTS_DIR; };
		4441717E1E34126700EDAF1A /* WhatsforDinner.app */ = {isa = PBXFileReference; explicitFileType = wrapper.application; includeInIndex = 0; path = WhatsforDinner.app; sourceTree = BUILT_PRODUCTS_DIR; };
		444171821E34126700EDAF1A /* main.m */ = {isa = PBXFileReference; lastKnownFileType = sourcecode.c.objc; path = main.m; sourceTree = "<group>"; };
		444171841E34126700EDAF1A /* AppDelegate.h */ = {isa = PBXFileReference; lastKnownFileType = sourcecode.c.h; path = AppDelegate.h; sourceTree = "<group>"; };
		444171851E34126700EDAF1A /* AppDelegate.m */ = {isa = PBXFileReference; lastKnownFileType = sourcecode.c.objc; path = AppDelegate.m; sourceTree = "<group>"; };
		444171871E34126700EDAF1A /* ViewController.h */ = {isa = PBXFileReference; lastKnownFileType = sourcecode.c.h; path = ViewController.h; sourceTree = "<group>"; };
		444171881E34126700EDAF1A /* ViewController.m */ = {isa = PBXFileReference; lastKnownFileType = sourcecode.c.objc; path = ViewController.m; sourceTree = "<group>"; };
		4441718B1E34126700EDAF1A /* Base */ = {isa = PBXFileReference; lastKnownFileType = file.storyboard; name = Base; path = Base.lproj/Main.storyboard; sourceTree = "<group>"; };
		4441718D1E34126700EDAF1A /* Assets.xcassets */ = {isa = PBXFileReference; lastKnownFileType = folder.assetcatalog; path = Assets.xcassets; sourceTree = "<group>"; };
		444171901E34126700EDAF1A /* Base */ = {isa = PBXFileReference; lastKnownFileType = file.storyboard; name = Base; path = Base.lproj/LaunchScreen.storyboard; sourceTree = "<group>"; };
		444171921E34126700EDAF1A /* Info.plist */ = {isa = PBXFileReference; lastKnownFileType = text.plist.xml; path = Info.plist; sourceTree = "<group>"; };
		44A5436A1E341D0C0028B92A /* Recipe.h */ = {isa = PBXFileReference; fileEncoding = 4; lastKnownFileType = sourcecode.c.h; path = Recipe.h; sourceTree = "<group>"; };
		44A5436B1E341D0C0028B92A /* Recipe.m */ = {isa = PBXFileReference; fileEncoding = 4; lastKnownFileType = sourcecode.c.objc; path = Recipe.m; sourceTree = "<group>"; };
		44A5436D1E3455F30028B92A /* FoodTrivia.h */ = {isa = PBXFileReference; fileEncoding = 4; lastKnownFileType = sourcecode.c.h; path = FoodTrivia.h; sourceTree = "<group>"; };
		44A5436E1E3455F30028B92A /* FoodTrivia.m */ = {isa = PBXFileReference; fileEncoding = 4; lastKnownFileType = sourcecode.c.objc; path = FoodTrivia.m; sourceTree = "<group>"; };
		44A543711E34E4410028B92A /* CardCollectionCell.h */ = {isa = PBXFileReference; fileEncoding = 4; lastKnownFileType = sourcecode.c.h; path = CardCollectionCell.h; sourceTree = "<group>"; };
		44A543721E34E4410028B92A /* CardCollectionCell.m */ = {isa = PBXFileReference; fileEncoding = 4; lastKnownFileType = sourcecode.c.objc; path = CardCollectionCell.m; sourceTree = "<group>"; };
		44A543741E34EA480028B92A /* CardCollectionViewLayout.h */ = {isa = PBXFileReference; fileEncoding = 4; lastKnownFileType = sourcecode.c.h; path = CardCollectionViewLayout.h; sourceTree = "<group>"; };
		44A543751E34EA480028B92A /* CardCollectionViewLayout.m */ = {isa = PBXFileReference; fileEncoding = 4; lastKnownFileType = sourcecode.c.objc; path = CardCollectionViewLayout.m; sourceTree = "<group>"; };
		44A543771E3533B90028B92A /* RecipeCardStackViewController.h */ = {isa = PBXFileReference; fileEncoding = 4; lastKnownFileType = sourcecode.c.h; path = RecipeCardStackViewController.h; sourceTree = "<group>"; };
		44A543781E3533B90028B92A /* RecipeCardStackViewController.m */ = {isa = PBXFileReference; fileEncoding = 4; lastKnownFileType = sourcecode.c.objc; path = RecipeCardStackViewController.m; sourceTree = "<group>"; };
		44A5437B1E3536E90028B92A /* CardStackCollectionViewDelegate.h */ = {isa = PBXFileReference; fileEncoding = 4; lastKnownFileType = sourcecode.c.h; path = CardStackCollectionViewDelegate.h; sourceTree = "<group>"; };
/* End PBXFileReference section */

/* Begin PBXFrameworksBuildPhase section */
		4441717B1E34126700EDAF1A /* Frameworks */ = {
			isa = PBXFrameworksBuildPhase;
			buildActionMask = 2147483647;
			files = (
				F0AED9502A6DA3F1F2AB9ED7 /* libPods-WhatsforDinner.a in Frameworks */,
			);
			runOnlyForDeploymentPostprocessing = 0;
		};
/* End PBXFrameworksBuildPhase section */

/* Begin PBXGroup section */
		27F5BC6E1E3B714600827840 /* ViewModel */ = {
			isa = PBXGroup;
			children = (
				27F5BC6F1E3B717600827840 /* MealCategoriesViewModel.h */,
				27F5BC701E3B717600827840 /* MealCategoriesViewModel.m */,
			);
			name = ViewModel;
			sourceTree = "<group>";
		};
		444171751E34126700EDAF1A = {
			isa = PBXGroup;
			children = (
				444171801E34126700EDAF1A /* WhatsforDinner */,
				4441717F1E34126700EDAF1A /* Products */,
				AB5F19C6D6594A59B5945A34 /* Pods */,
				D20A9608EC1F1E9746BF34C6 /* Frameworks */,
			);
			sourceTree = "<group>";
		};
		4441717F1E34126700EDAF1A /* Products */ = {
			isa = PBXGroup;
			children = (
				4441717E1E34126700EDAF1A /* WhatsforDinner.app */,
			);
			name = Products;
			sourceTree = "<group>";
		};
		444171801E34126700EDAF1A /* WhatsforDinner */ = {
			isa = PBXGroup;
			children = (
				27F5BC6E1E3B714600827840 /* ViewModel */,
				44A543701E34E3ED0028B92A /* SubclassedViews */,
				44A543691E341CD00028B92A /* Model */,
				444171841E34126700EDAF1A /* AppDelegate.h */,
				444171851E34126700EDAF1A /* AppDelegate.m */,
				4441718A1E34126700EDAF1A /* Main.storyboard */,
				4441718D1E34126700EDAF1A /* Assets.xcassets */,
				4441718F1E34126700EDAF1A /* LaunchScreen.storyboard */,
				444171921E34126700EDAF1A /* Info.plist */,
				444171811E34126700EDAF1A /* Supporting Files */,
				27F5BC621E3A871800827840 /* CardCell.xib */,
				27F5BC641E3AB35600827840 /* PickerCell.xib */,
				27F5BC691E3B6F9E00827840 /* MealCategories.plist */,
			);
			path = WhatsforDinner;
			sourceTree = "<group>";
		};
		444171811E34126700EDAF1A /* Supporting Files */ = {
			isa = PBXGroup;
			children = (
				444171821E34126700EDAF1A /* main.m */,
			);
			name = "Supporting Files";
			sourceTree = "<group>";
		};
		44A543691E341CD00028B92A /* Model */ = {
			isa = PBXGroup;
			children = (
				44A5436A1E341D0C0028B92A /* Recipe.h */,
				44A5436B1E341D0C0028B92A /* Recipe.m */,
				44A5436D1E3455F30028B92A /* FoodTrivia.h */,
				44A5436E1E3455F30028B92A /* FoodTrivia.m */,
				44A5437B1E3536E90028B92A /* CardStackCollectionViewDelegate.h */,
				27F5BC601E37F19E00827840 /* CardLayoutDelegate.h */,
				27F5BC661E3AB46F00827840 /* MealCategory.h */,
				27F5BC671E3AB46F00827840 /* MealCategory.m */,
			);
			name = Model;
			sourceTree = "<group>";
		};
		44A543701E34E3ED0028B92A /* SubclassedViews */ = {
			isa = PBXGroup;
			children = (
				444171871E34126700EDAF1A /* ViewController.h */,
				444171881E34126700EDAF1A /* ViewController.m */,
				44A543711E34E4410028B92A /* CardCollectionCell.h */,
				44A543721E34E4410028B92A /* CardCollectionCell.m */,
				44A543741E34EA480028B92A /* CardCollectionViewLayout.h */,
				44A543751E34EA480028B92A /* CardCollectionViewLayout.m */,
				44A543771E3533B90028B92A /* RecipeCardStackViewController.h */,
				44A543781E3533B90028B92A /* RecipeCardStackViewController.m */,
				27F5BC6B1E3B712D00827840 /* MealCategoryTableViewController.h */,
				27F5BC6C1E3B712D00827840 /* MealCategoryTableViewController.m */,
			);
			name = SubclassedViews;
			sourceTree = "<group>";
		};
		AB5F19C6D6594A59B5945A34 /* Pods */ = {
			isa = PBXGroup;
			children = (
				2D6D88A0C82036887AE9BC96 /* Pods-WhatsforDinner.debug.xcconfig */,
				1686BE929EA0F8C1E6745413 /* Pods-WhatsforDinner.release.xcconfig */,
			);
			name = Pods;
			sourceTree = "<group>";
		};
		D20A9608EC1F1E9746BF34C6 /* Frameworks */ = {
			isa = PBXGroup;
			children = (
				414DD404635353951D761E3D /* libPods-WhatsforDinner.a */,
			);
			name = Frameworks;
			sourceTree = "<group>";
		};
/* End PBXGroup section */

/* Begin PBXNativeTarget section */
		4441717D1E34126700EDAF1A /* WhatsforDinner */ = {
			isa = PBXNativeTarget;
			buildConfigurationList = 444171951E34126700EDAF1A /* Build configuration list for PBXNativeTarget "WhatsforDinner" */;
			buildPhases = (
				3443801CDD397B466BE1760C /* [CP] Check Pods Manifest.lock */,
				4441717A1E34126700EDAF1A /* Sources */,
				4441717B1E34126700EDAF1A /* Frameworks */,
				4441717C1E34126700EDAF1A /* Resources */,
				A1C61671187EF15599FD9130 /* [CP] Embed Pods Frameworks */,
				7B2AEFBF2BE6868EA471671C /* [CP] Copy Pods Resources */,
			);
			buildRules = (
			);
			dependencies = (
			);
			name = WhatsforDinner;
			productName = WhatsforDinner;
			productReference = 4441717E1E34126700EDAF1A /* WhatsforDinner.app */;
			productType = "com.apple.product-type.application";
		};
/* End PBXNativeTarget section */

/* Begin PBXProject section */
		444171761E34126700EDAF1A /* Project object */ = {
			isa = PBXProject;
			attributes = {
				LastUpgradeCheck = 0820;
				ORGANIZATIONNAME = "Katherine Ebel";
				TargetAttributes = {
					4441717D1E34126700EDAF1A = {
						CreatedOnToolsVersion = 8.2.1;
						DevelopmentTeam = 8FN9PNN474;
						ProvisioningStyle = Automatic;
					};
				};
			};
			buildConfigurationList = 444171791E34126700EDAF1A /* Build configuration list for PBXProject "WhatsforDinner" */;
			compatibilityVersion = "Xcode 3.2";
			developmentRegion = English;
			hasScannedForEncodings = 0;
			knownRegions = (
				en,
				Base,
			);
			mainGroup = 444171751E34126700EDAF1A;
			productRefGroup = 4441717F1E34126700EDAF1A /* Products */;
			projectDirPath = "";
			projectRoot = "";
			targets = (
				4441717D1E34126700EDAF1A /* WhatsforDinner */,
			);
		};
/* End PBXProject section */

/* Begin PBXResourcesBuildPhase section */
		4441717C1E34126700EDAF1A /* Resources */ = {
			isa = PBXResourcesBuildPhase;
			buildActionMask = 2147483647;
			files = (
				444171911E34126700EDAF1A /* LaunchScreen.storyboard in Resources */,
				27F5BC6A1E3B6F9E00827840 /* MealCategories.plist in Resources */,
				4441718E1E34126700EDAF1A /* Assets.xcassets in Resources */,
				4441718C1E34126700EDAF1A /* Main.storyboard in Resources */,
				27F5BC631E3A871800827840 /* CardCell.xib in Resources */,
				27F5BC651E3AB35600827840 /* PickerCell.xib in Resources */,
			);
			runOnlyForDeploymentPostprocessing = 0;
		};
/* End PBXResourcesBuildPhase section */

/* Begin PBXShellScriptBuildPhase section */
		3443801CDD397B466BE1760C /* [CP] Check Pods Manifest.lock */ = {
			isa = PBXShellScriptBuildPhase;
			buildActionMask = 2147483647;
			files = (
			);
			inputPaths = (
			);
			name = "[CP] Check Pods Manifest.lock";
			outputPaths = (
			);
			runOnlyForDeploymentPostprocessing = 0;
			shellPath = /bin/sh;
			shellScript = "diff \"${PODS_ROOT}/../Podfile.lock\" \"${PODS_ROOT}/Manifest.lock\" > /dev/null\nif [ $? != 0 ] ; then\n    # print error to STDERR\n    echo \"error: The sandbox is not in sync with the Podfile.lock. Run 'pod install' or update your CocoaPods installation.\" >&2\n    exit 1\nfi\n";
			showEnvVarsInLog = 0;
		};
		7B2AEFBF2BE6868EA471671C /* [CP] Copy Pods Resources */ = {
			isa = PBXShellScriptBuildPhase;
			buildActionMask = 2147483647;
			files = (
			);
			inputPaths = (
			);
			name = "[CP] Copy Pods Resources";
			outputPaths = (
			);
			runOnlyForDeploymentPostprocessing = 0;
			shellPath = /bin/sh;
			shellScript = "\"${SRCROOT}/Pods/Target Support Files/Pods-WhatsforDinner/Pods-WhatsforDinner-resources.sh\"\n";
			showEnvVarsInLog = 0;
		};
		A1C61671187EF15599FD9130 /* [CP] Embed Pods Frameworks */ = {
			isa = PBXShellScriptBuildPhase;
			buildActionMask = 2147483647;
			files = (
			);
			inputPaths = (
			);
			name = "[CP] Embed Pods Frameworks";
			outputPaths = (
			);
			runOnlyForDeploymentPostprocessing = 0;
			shellPath = /bin/sh;
			shellScript = "\"${SRCROOT}/Pods/Target Support Files/Pods-WhatsforDinner/Pods-WhatsforDinner-frameworks.sh\"\n";
			showEnvVarsInLog = 0;
		};
/* End PBXShellScriptBuildPhase section */

/* Begin PBXSourcesBuildPhase section */
		4441717A1E34126700EDAF1A /* Sources */ = {
			isa = PBXSourcesBuildPhase;
			buildActionMask = 2147483647;
			files = (
				444171891E34126700EDAF1A /* ViewController.m in Sources */,
				44A543791E3533B90028B92A /* RecipeCardStackViewController.m in Sources */,
				27F5BC6D1E3B712D00827840 /* MealCategoryTableViewController.m in Sources */,
				27F5BC711E3B717600827840 /* MealCategoriesViewModel.m in Sources */,
				444171861E34126700EDAF1A /* AppDelegate.m in Sources */,
				444171831E34126700EDAF1A /* main.m in Sources */,
				44A543731E34E4410028B92A /* CardCollectionCell.m in Sources */,
				44A5436C1E341D0C0028B92A /* Recipe.m in Sources */,
				27F5BC681E3AB46F00827840 /* MealCategory.m in Sources */,
				44A5436F1E3455F30028B92A /* FoodTrivia.m in Sources */,
				44A543761E34EA480028B92A /* CardCollectionViewLayout.m in Sources */,
			);
			runOnlyForDeploymentPostprocessing = 0;
		};
/* End PBXSourcesBuildPhase section */

/* Begin PBXVariantGroup section */
		4441718A1E34126700EDAF1A /* Main.storyboard */ = {
			isa = PBXVariantGroup;
			children = (
				4441718B1E34126700EDAF1A /* Base */,
			);
			name = Main.storyboard;
			sourceTree = "<group>";
		};
		4441718F1E34126700EDAF1A /* LaunchScreen.storyboard */ = {
			isa = PBXVariantGroup;
			children = (
				444171901E34126700EDAF1A /* Base */,
			);
			name = LaunchScreen.storyboard;
			sourceTree = "<group>";
		};
/* End PBXVariantGroup section */

/* Begin XCBuildConfiguration section */
		444171931E34126700EDAF1A /* Debug */ = {
			isa = XCBuildConfiguration;
			buildSettings = {
				ALWAYS_SEARCH_USER_PATHS = NO;
				CLANG_ANALYZER_NONNULL = YES;
				CLANG_CXX_LANGUAGE_STANDARD = "gnu++0x";
				CLANG_CXX_LIBRARY = "libc++";
				CLANG_ENABLE_MODULES = YES;
				CLANG_ENABLE_OBJC_ARC = YES;
				CLANG_WARN_BOOL_CONVERSION = YES;
				CLANG_WARN_CONSTANT_CONVERSION = YES;
				CLANG_WARN_DIRECT_OBJC_ISA_USAGE = YES_ERROR;
				CLANG_WARN_DOCUMENTATION_COMMENTS = YES;
				CLANG_WARN_EMPTY_BODY = YES;
				CLANG_WARN_ENUM_CONVERSION = YES;
				CLANG_WARN_INFINITE_RECURSION = YES;
				CLANG_WARN_INT_CONVERSION = YES;
				CLANG_WARN_OBJC_ROOT_CLASS = YES_ERROR;
				CLANG_WARN_SUSPICIOUS_MOVE = YES;
				CLANG_WARN_UNREACHABLE_CODE = YES;
				CLANG_WARN__DUPLICATE_METHOD_MATCH = YES;
				"CODE_SIGN_IDENTITY[sdk=iphoneos*]" = "iPhone Developer";
				COPY_PHASE_STRIP = NO;
				DEBUG_INFORMATION_FORMAT = dwarf;
				ENABLE_STRICT_OBJC_MSGSEND = YES;
				ENABLE_TESTABILITY = YES;
				GCC_C_LANGUAGE_STANDARD = gnu99;
				GCC_DYNAMIC_NO_PIC = NO;
				GCC_NO_COMMON_BLOCKS = YES;
				GCC_OPTIMIZATION_LEVEL = 0;
				GCC_PREPROCESSOR_DEFINITIONS = (
					"DEBUG=1",
					"$(inherited)",
				);
				GCC_WARN_64_TO_32_BIT_CONVERSION = YES;
				GCC_WARN_ABOUT_RETURN_TYPE = YES_ERROR;
				GCC_WARN_UNDECLARED_SELECTOR = YES;
				GCC_WARN_UNINITIALIZED_AUTOS = YES_AGGRESSIVE;
				GCC_WARN_UNUSED_FUNCTION = YES;
				GCC_WARN_UNUSED_VARIABLE = YES;
				IPHONEOS_DEPLOYMENT_TARGET = 10.2;
				MTL_ENABLE_DEBUG_INFO = YES;
				ONLY_ACTIVE_ARCH = YES;
				SDKROOT = iphoneos;
			};
			name = Debug;
		};
		444171941E34126700EDAF1A /* Release */ = {
			isa = XCBuildConfiguration;
			buildSettings = {
				ALWAYS_SEARCH_USER_PATHS = NO;
				CLANG_ANALYZER_NONNULL = YES;
				CLANG_CXX_LANGUAGE_STANDARD = "gnu++0x";
				CLANG_CXX_LIBRARY = "libc++";
				CLANG_ENABLE_MODULES = YES;
				CLANG_ENABLE_OBJC_ARC = YES;
				CLANG_WARN_BOOL_CONVERSION = YES;
				CLANG_WARN_CONSTANT_CONVERSION = YES;
				CLANG_WARN_DIRECT_OBJC_ISA_USAGE = YES_ERROR;
				CLANG_WARN_DOCUMENTATION_COMMENTS = YES;
				CLANG_WARN_EMPTY_BODY = YES;
				CLANG_WARN_ENUM_CONVERSION = YES;
				CLANG_WARN_INFINITE_RECURSION = YES;
				CLANG_WARN_INT_CONVERSION = YES;
				CLANG_WARN_OBJC_ROOT_CLASS = YES_ERROR;
				CLANG_WARN_SUSPICIOUS_MOVE = YES;
				CLANG_WARN_UNREACHABLE_CODE = YES;
				CLANG_WARN__DUPLICATE_METHOD_MATCH = YES;
				"CODE_SIGN_IDENTITY[sdk=iphoneos*]" = "iPhone Developer";
				COPY_PHASE_STRIP = NO;
				DEBUG_INFORMATION_FORMAT = "dwarf-with-dsym";
				ENABLE_NS_ASSERTIONS = NO;
				ENABLE_STRICT_OBJC_MSGSEND = YES;
				GCC_C_LANGUAGE_STANDARD = gnu99;
				GCC_NO_COMMON_BLOCKS = YES;
				GCC_WARN_64_TO_32_BIT_CONVERSION = YES;
				GCC_WARN_ABOUT_RETURN_TYPE = YES_ERROR;
				GCC_WARN_UNDECLARED_SELECTOR = YES;
				GCC_WARN_UNINITIALIZED_AUTOS = YES_AGGRESSIVE;
				GCC_WARN_UNUSED_FUNCTION = YES;
				GCC_WARN_UNUSED_VARIABLE = YES;
				IPHONEOS_DEPLOYMENT_TARGET = 10.2;
				MTL_ENABLE_DEBUG_INFO = NO;
				SDKROOT = iphoneos;
				VALIDATE_PRODUCT = YES;
			};
			name = Release;
		};
		444171961E34126700EDAF1A /* Debug */ = {
			isa = XCBuildConfiguration;
			baseConfigurationReference = 2D6D88A0C82036887AE9BC96 /* Pods-WhatsforDinner.debug.xcconfig */;
			buildSettings = {
				ASSETCATALOG_COMPILER_APPICON_NAME = AppIcon;
				DEVELOPMENT_TEAM = 8FN9PNN474;
				INFOPLIST_FILE = WhatsforDinner/Info.plist;
				LD_RUNPATH_SEARCH_PATHS = "$(inherited) @executable_path/Frameworks";
				PRODUCT_BUNDLE_IDENTIFIER = com.katherineebel.WhatsforDinner;
				PRODUCT_NAME = "$(TARGET_NAME)";
				USER_HEADER_SEARCH_PATHS = "";
			};
			name = Debug;
		};
		444171971E34126700EDAF1A /* Release */ = {
			isa = XCBuildConfiguration;
			baseConfigurationReference = 1686BE929EA0F8C1E6745413 /* Pods-WhatsforDinner.release.xcconfig */;
			buildSettings = {
				ASSETCATALOG_COMPILER_APPICON_NAME = AppIcon;
				DEVELOPMENT_TEAM = 8FN9PNN474;
				INFOPLIST_FILE = WhatsforDinner/Info.plist;
				LD_RUNPATH_SEARCH_PATHS = "$(inherited) @executable_path/Frameworks";
				PRODUCT_BUNDLE_IDENTIFIER = com.katherineebel.WhatsforDinner;
				PRODUCT_NAME = "$(TARGET_NAME)";
				USER_HEADER_SEARCH_PATHS = "";
			};
			name = Release;
		};
/* End XCBuildConfiguration section */

/* Begin XCConfigurationList section */
		444171791E34126700EDAF1A /* Build configuration list for PBXProject "WhatsforDinner" */ = {
			isa = XCConfigurationList;
			buildConfigurations = (
				444171931E34126700EDAF1A /* Debug */,
				444171941E34126700EDAF1A /* Release */,
			);
			defaultConfigurationIsVisible = 0;
			defaultConfigurationName = Release;
		};
		444171951E34126700EDAF1A /* Build configuration list for PBXNativeTarget "WhatsforDinner" */ = {
			isa = XCConfigurationList;
			buildConfigurations = (
				444171961E34126700EDAF1A /* Debug */,
				444171971E34126700EDAF1A /* Release */,
			);
			defaultConfigurationIsVisible = 0;
			defaultConfigurationName = Release;
		};
/* End XCConfigurationList section */
	};
	rootObject = 444171761E34126700EDAF1A /* Project object */;
}
